
Microsoft Visual Studio Solution File, Format Version 12.00
# Visual Studio 2017
Project("{FAE04EC0-301F-11D3-BF4B-00C04F79EFBC}") = "FpsGame.Plugins", "FpsGame.Plugins.csproj", "{CDB073D9-A7BE-8EDD-2ED3-320410BB9766}"
EndProject
Project("{FAE04EC0-301F-11D3-BF4B-00C04F79EFBC}") = "FpsGame", "FpsGame.csproj", "{EB801084-583D-A40B-6B55-2BFCF68AF5AE}"
EndProject
Project("{FAE04EC0-301F-11D3-BF4B-00C04F79EFBC}") = "FpsGame.Editor.Plugins", "FpsGame.Editor.Plugins.csproj", "{1DF4E405-073B-2D67-C549-7EFCCF7C8524}"
EndProject
Global
	GlobalSection(SolutionConfigurationPlatforms) = preSolution
		Debug|Any CPU = Debug|Any CPU
		Release|Any CPU = Release|Any CPU
	EndGlobalSection
	GlobalSection(ProjectConfigurationPlatforms) = postSolution
		{CDB073D9-A7BE-8EDD-2ED3-320410BB9766}.Debug|Any CPU.ActiveCfg = Debug|Any CPU
		{CDB073D9-A7BE-8EDD-2ED3-320410BB9766}.Debug|Any CPU.Build.0 = Debug|Any CPU
		{CDB073D9-A7BE-8EDD-2ED3-320410BB9766}.Release|Any CPU.ActiveCfg = Release|Any CPU
		{CDB073D9-A7BE-8EDD-2ED3-320410BB9766}.Release|Any CPU.Build.0 = Release|Any CPU
		{EB801084-583D-A40B-6B55-2BFCF68AF5AE}.Debug|Any CPU.ActiveCfg = Debug|Any CPU
		{EB801084-583D-A40B-6B55-2BFCF68AF5AE}.Debug|Any CPU.Build.0 = Debug|Any CPU
		{EB801084-583D-A40B-6B55-2BFCF68AF5AE}.Release|Any CPU.ActiveCfg = Release|Any CPU
		{EB801084-583D-A40B-6B55-2BFCF68AF5AE}.Release|Any CPU.Build.0 = Release|Any CPU
		{1DF4E405-073B-2D67-C549-7EFCCF7C8524}.Debug|Any CPU.ActiveCfg = Debug|Any CPU
		{1DF4E405-073B-2D67-C549-7EFCCF7C8524}.Debug|Any CPU.Build.0 = Debug|Any CPU
		{1DF4E405-073B-2D67-C549-7EFCCF7C8524}.Release|Any CPU.ActiveCfg = Release|Any CPU
		{1DF4E405-073B-2D67-C549-7EFCCF7C8524}.Release|Any CPU.Build.0 = Release|Any CPU
	EndGlobalSection
	GlobalSection(SolutionProperties) = preSolution
		HideSolutionNode = FALSE
	EndGlobalSection
EndGlobal
